
Microsoft Visual Studio Solution File, Format Version 12.00
# Visual Studio Version 17
VisualStudioVersion = 17.14.36301.6
MinimumVisualStudioVersion = 10.0.40219.1
Project("{FAE04EC0-301F-11D3-BF4B-00C04F79EFBC}") = "PlatformService", "PlatformService\PlatformService.csproj", "{5B149C26-63B1-4310-B418-79D40AA9EFD0}"
EndProject
Project("{FAE04EC0-301F-11D3-BF4B-00C04F79EFBC}") = "PlatformServiceUnitTesting", "PlatformServiceUnitTesting\PlatformServiceUnitTesting.csproj", "{2C41713A-4672-403F-9CD9-8156BBE6B30A}"
EndProject
Global
	GlobalSection(SolutionConfigurationPlatforms) = preSolution
		Debug|Any CPU = Debug|Any CPU
		Release|Any CPU = Release|Any CPU
	EndGlobalSection
	GlobalSection(ProjectConfigurationPlatforms) = postSolution
		{5B149C26-63B1-4310-B418-79D40AA9EFD0}.Debug|Any CPU.ActiveCfg = Debug|Any CPU
		{5B149C26-63B1-4310-B418-79D40AA9EFD0}.Debug|Any CPU.Build.0 = Debug|Any CPU
		{5B149C26-63B1-4310-B418-79D40AA9EFD0}.Release|Any CPU.ActiveCfg = Release|Any CPU
		{5B149C26-63B1-4310-B418-79D40AA9EFD0}.Release|Any CPU.Build.0 = Release|Any CPU
		{2C41713A-4672-403F-9CD9-8156BBE6B30A}.Debug|Any CPU.ActiveCfg = Debug|Any CPU
		{2C41713A-4672-403F-9CD9-8156BBE6B30A}.Debug|Any CPU.Build.0 = Debug|Any CPU
		{2C41713A-4672-403F-9CD9-8156BBE6B30A}.Release|Any CPU.ActiveCfg = Release|Any CPU
		{2C41713A-4672-403F-9CD9-8156BBE6B30A}.Release|Any CPU.Build.0 = Release|Any CPU
	EndGlobalSection
	GlobalSection(SolutionProperties) = preSolution
		HideSolutionNode = FALSE
	EndGlobalSection
	GlobalSection(ExtensibilityGlobals) = postSolution
		SolutionGuid = {310C53D3-0961-486C-82E2-DEFC44E2EA5F}
	EndGlobalSection
EndGlobal
